
Microsoft Visual Studio Solution File, Format Version 12.00
# Visual Studio Version 17
VisualStudioVersion = 17.13.35806.99
MinimumVisualStudioVersion = 10.0.40219.1
Project("{FAE04EC0-301F-11D3-BF4B-00C04F79EFBC}") = "RedLine-Gaia.Application", "RedLine-Gaia.Application\RedLine-Gaia.Application.csproj", "{22A699BF-C6B6-42C2-89B7-2FE8724C3517}"
EndProject
Project("{FAE04EC0-301F-11D3-BF4B-00C04F79EFBC}") = "RedLine-Gaia.Domain", "RedLine-Gaia.Domain\RedLine-Gaia.Domain.csproj", "{52E8652C-0CA8-4052-BFE7-044198074358}"
EndProject
Project("{FAE04EC0-301F-11D3-BF4B-00C04F79EFBC}") = "RedLine-Gaia.Infrastructure", "RedLine-Gaia.Infrastructure\RedLine-Gaia.Infrastructure.csproj", "{E67BC2E0-E7FC-4D81-8414-052AB851EA0F}"
EndProject
Project("{FAE04EC0-301F-11D3-BF4B-00C04F79EFBC}") = "RedLine-Gaia.WebApi", "RedLine-Gaia.WebApi\RedLine-Gaia.WebApi.csproj", "{C27E551C-04EA-4216-B0DD-E78C970C8E16}"
EndProject
Project("{2150E333-8FDC-42A3-9474-1A3956D46DE8}") = "Tests", "Tests", "{02EA681E-C7D8-13C7-8484-4AC65E1B71E8}"
EndProject
Project("{FAE04EC0-301F-11D3-BF4B-00C04F79EFBC}") = "TenantDatabaseMigrater", "TenantDatabaseMigrater\TenantDatabaseMigrater.csproj", "{D3B12C70-85CB-4C10-BEBF-33461BAE2364}"
EndProject
Project("{FAE04EC0-301F-11D3-BF4B-00C04F79EFBC}") = "RedLine-Gaia.Tests", "Tests\RedLine-Gaia.Tests\RedLine-Gaia.Tests.csproj", "{B8922D42-9CE4-4460-806A-F3E98FE88356}"
EndProject
Global
	GlobalSection(SolutionConfigurationPlatforms) = preSolution
		Debug|Any CPU = Debug|Any CPU
		Debug|x64 = Debug|x64
		Debug|x86 = Debug|x86
		Release|Any CPU = Release|Any CPU
		Release|x64 = Release|x64
		Release|x86 = Release|x86
	EndGlobalSection
	GlobalSection(ProjectConfigurationPlatforms) = postSolution
		{22A699BF-C6B6-42C2-89B7-2FE8724C3517}.Debug|Any CPU.ActiveCfg = Debug|Any CPU
		{22A699BF-C6B6-42C2-89B7-2FE8724C3517}.Debug|Any CPU.Build.0 = Debug|Any CPU
		{22A699BF-C6B6-42C2-89B7-2FE8724C3517}.Debug|x64.ActiveCfg = Debug|Any CPU
		{22A699BF-C6B6-42C2-89B7-2FE8724C3517}.Debug|x64.Build.0 = Debug|Any CPU
		{22A699BF-C6B6-42C2-89B7-2FE8724C3517}.Debug|x86.ActiveCfg = Debug|Any CPU
		{22A699BF-C6B6-42C2-89B7-2FE8724C3517}.Debug|x86.Build.0 = Debug|Any CPU
		{22A699BF-C6B6-42C2-89B7-2FE8724C3517}.Release|Any CPU.ActiveCfg = Release|Any CPU
		{22A699BF-C6B6-42C2-89B7-2FE8724C3517}.Release|Any CPU.Build.0 = Release|Any CPU
		{22A699BF-C6B6-42C2-89B7-2FE8724C3517}.Release|x64.ActiveCfg = Release|Any CPU
		{22A699BF-C6B6-42C2-89B7-2FE8724C3517}.Release|x64.Build.0 = Release|Any CPU
		{22A699BF-C6B6-42C2-89B7-2FE8724C3517}.Release|x86.ActiveCfg = Release|Any CPU
		{22A699BF-C6B6-42C2-89B7-2FE8724C3517}.Release|x86.Build.0 = Release|Any CPU
		{52E8652C-0CA8-4052-BFE7-044198074358}.Debug|Any CPU.ActiveCfg = Debug|Any CPU
		{52E8652C-0CA8-4052-BFE7-044198074358}.Debug|Any CPU.Build.0 = Debug|Any CPU
		{52E8652C-0CA8-4052-BFE7-044198074358}.Debug|x64.ActiveCfg = Debug|Any CPU
		{52E8652C-0CA8-4052-BFE7-044198074358}.Debug|x64.Build.0 = Debug|Any CPU
		{52E8652C-0CA8-4052-BFE7-044198074358}.Debug|x86.ActiveCfg = Debug|Any CPU
		{52E8652C-0CA8-4052-BFE7-044198074358}.Debug|x86.Build.0 = Debug|Any CPU
		{52E8652C-0CA8-4052-BFE7-044198074358}.Release|Any CPU.ActiveCfg = Release|Any CPU
		{52E8652C-0CA8-4052-BFE7-044198074358}.Release|Any CPU.Build.0 = Release|Any CPU
		{52E8652C-0CA8-4052-BFE7-044198074358}.Release|x64.ActiveCfg = Release|Any CPU
		{52E8652C-0CA8-4052-BFE7-044198074358}.Release|x64.Build.0 = Release|Any CPU
		{52E8652C-0CA8-4052-BFE7-044198074358}.Release|x86.ActiveCfg = Release|Any CPU
		{52E8652C-0CA8-4052-BFE7-044198074358}.Release|x86.Build.0 = Release|Any CPU
		{E67BC2E0-E7FC-4D81-8414-052AB851EA0F}.Debug|Any CPU.ActiveCfg = Debug|Any CPU
		{E67BC2E0-E7FC-4D81-8414-052AB851EA0F}.Debug|Any CPU.Build.0 = Debug|Any CPU
		{E67BC2E0-E7FC-4D81-8414-052AB851EA0F}.Debug|x64.ActiveCfg = Debug|Any CPU
		{E67BC2E0-E7FC-4D81-8414-052AB851EA0F}.Debug|x64.Build.0 = Debug|Any CPU
		{E67BC2E0-E7FC-4D81-8414-052AB851EA0F}.Debug|x86.ActiveCfg = Debug|Any CPU
		{E67BC2E0-E7FC-4D81-8414-052AB851EA0F}.Debug|x86.Build.0 = Debug|Any CPU
		{E67BC2E0-E7FC-4D81-8414-052AB851EA0F}.Release|Any CPU.ActiveCfg = Release|Any CPU
		{E67BC2E0-E7FC-4D81-8414-052AB851EA0F}.Release|Any CPU.Build.0 = Release|Any CPU
		{E67BC2E0-E7FC-4D81-8414-052AB851EA0F}.Release|x64.ActiveCfg = Release|Any CPU
		{E67BC2E0-E7FC-4D81-8414-052AB851EA0F}.Release|x64.Build.0 = Release|Any CPU
		{E67BC2E0-E7FC-4D81-8414-052AB851EA0F}.Release|x86.ActiveCfg = Release|Any CPU
		{E67BC2E0-E7FC-4D81-8414-052AB851EA0F}.Release|x86.Build.0 = Release|Any CPU
		{C27E551C-04EA-4216-B0DD-E78C970C8E16}.Debug|Any CPU.ActiveCfg = Debug|Any CPU
		{C27E551C-04EA-4216-B0DD-E78C970C8E16}.Debug|Any CPU.Build.0 = Debug|Any CPU
		{C27E551C-04EA-4216-B0DD-E78C970C8E16}.Debug|x64.ActiveCfg = Debug|Any CPU
		{C27E551C-04EA-4216-B0DD-E78C970C8E16}.Debug|x64.Build.0 = Debug|Any CPU
		{C27E551C-04EA-4216-B0DD-E78C970C8E16}.Debug|x86.ActiveCfg = Debug|Any CPU
		{C27E551C-04EA-4216-B0DD-E78C970C8E16}.Debug|x86.Build.0 = Debug|Any CPU
		{C27E551C-04EA-4216-B0DD-E78C970C8E16}.Release|Any CPU.ActiveCfg = Release|Any CPU
		{C27E551C-04EA-4216-B0DD-E78C970C8E16}.Release|Any CPU.Build.0 = Release|Any CPU
		{C27E551C-04EA-4216-B0DD-E78C970C8E16}.Release|x64.ActiveCfg = Release|Any CPU
		{C27E551C-04EA-4216-B0DD-E78C970C8E16}.Release|x64.Build.0 = Release|Any CPU
		{C27E551C-04EA-4216-B0DD-E78C970C8E16}.Release|x86.ActiveCfg = Release|Any CPU
		{C27E551C-04EA-4216-B0DD-E78C970C8E16}.Release|x86.Build.0 = Release|Any CPU
		{D3B12C70-85CB-4C10-BEBF-33461BAE2364}.Debug|Any CPU.ActiveCfg = Debug|Any CPU
		{D3B12C70-85CB-4C10-BEBF-33461BAE2364}.Debug|Any CPU.Build.0 = Debug|Any CPU
		{D3B12C70-85CB-4C10-BEBF-33461BAE2364}.Debug|x64.ActiveCfg = Debug|Any CPU
		{D3B12C70-85CB-4C10-BEBF-33461BAE2364}.Debug|x64.Build.0 = Debug|Any CPU
		{D3B12C70-85CB-4C10-BEBF-33461BAE2364}.Debug|x86.ActiveCfg = Debug|Any CPU
		{D3B12C70-85CB-4C10-BEBF-33461BAE2364}.Debug|x86.Build.0 = Debug|Any CPU
		{D3B12C70-85CB-4C10-BEBF-33461BAE2364}.Release|Any CPU.ActiveCfg = Release|Any CPU
		{D3B12C70-85CB-4C10-BEBF-33461BAE2364}.Release|Any CPU.Build.0 = Release|Any CPU
		{D3B12C70-85CB-4C10-BEBF-33461BAE2364}.Release|x64.ActiveCfg = Release|Any CPU
		{D3B12C70-85CB-4C10-BEBF-33461BAE2364}.Release|x64.Build.0 = Release|Any CPU
		{D3B12C70-85CB-4C10-BEBF-33461BAE2364}.Release|x86.ActiveCfg = Release|Any CPU
		{D3B12C70-85CB-4C10-BEBF-33461BAE2364}.Release|x86.Build.0 = Release|Any CPU
		{B8922D42-9CE4-4460-806A-F3E98FE88356}.Debug|Any CPU.ActiveCfg = Debug|Any CPU
		{B8922D42-9CE4-4460-806A-F3E98FE88356}.Debug|Any CPU.Build.0 = Debug|Any CPU
		{B8922D42-9CE4-4460-806A-F3E98FE88356}.Debug|x64.ActiveCfg = Debug|Any CPU
		{B8922D42-9CE4-4460-806A-F3E98FE88356}.Debug|x64.Build.0 = Debug|Any CPU
		{B8922D42-9CE4-4460-806A-F3E98FE88356}.Debug|x86.ActiveCfg = Debug|Any CPU
		{B8922D42-9CE4-4460-806A-F3E98FE88356}.Debug|x86.Build.0 = Debug|Any CPU
		{B8922D42-9CE4-4460-806A-F3E98FE88356}.Release|Any CPU.ActiveCfg = Release|Any CPU
		{B8922D42-9CE4-4460-806A-F3E98FE88356}.Release|Any CPU.Build.0 = Release|Any CPU
		{B8922D42-9CE4-4460-806A-F3E98FE88356}.Release|x64.ActiveCfg = Release|Any CPU
		{B8922D42-9CE4-4460-806A-F3E98FE88356}.Release|x64.Build.0 = Release|Any CPU
		{B8922D42-9CE4-4460-806A-F3E98FE88356}.Release|x86.ActiveCfg = Release|Any CPU
		{B8922D42-9CE4-4460-806A-F3E98FE88356}.Release|x86.Build.0 = Release|Any CPU
	EndGlobalSection
	GlobalSection(SolutionProperties) = preSolution
		HideSolutionNode = FALSE
	EndGlobalSection
	GlobalSection(NestedProjects) = preSolution
		{B8922D42-9CE4-4460-806A-F3E98FE88356} = {02EA681E-C7D8-13C7-8484-4AC65E1B71E8}
	EndGlobalSection
	GlobalSection(ExtensibilityGlobals) = postSolution
		SolutionGuid = {3CEF4547-8D17-4288-A4BB-AB74B3A27CFB}
	EndGlobalSection
EndGlobal
